// !$*UTF8*$!
{
	archiveVersion = 1;
	classes = {
	};
	objectVersion = 50;
	objects = {

/* Begin PBXBuildFile section */
		149F1B28233B184F007CF912 /* AppDelegate.swift in Sources */ = {isa = PBXBuildFile; fileRef = 149F1B27233B184F007CF912 /* AppDelegate.swift */; };
		149F1B2A233B184F007CF912 /* SceneDelegate.swift in Sources */ = {isa = PBXBuildFile; fileRef = 149F1B29233B184F007CF912 /* SceneDelegate.swift */; };
		149F1B2C233B184F007CF912 /* ViewController.swift in Sources */ = {isa = PBXBuildFile; fileRef = 149F1B2B233B184F007CF912 /* ViewController.swift */; };
		149F1B2F233B184F007CF912 /* Main.storyboard in Resources */ = {isa = PBXBuildFile; fileRef = 149F1B2D233B184F007CF912 /* Main.storyboard */; };
		149F1B31233B1852007CF912 /* Assets.xcassets in Resources */ = {isa = PBXBuildFile; fileRef = 149F1B30233B1852007CF912 /* Assets.xcassets */; };
		149F1B34233B1852007CF912 /* LaunchScreen.storyboard in Resources */ = {isa = PBXBuildFile; fileRef = 149F1B32233B1852007CF912 /* LaunchScreen.storyboard */; };
		149F1B3C233B1A7A007CF912 /* Card.swift in Sources */ = {isa = PBXBuildFile; fileRef = 149F1B3B233B1A7A007CF912 /* Card.swift */; };
		149F1B3E233B1E3A007CF912 /* Concentration.swift in Sources */ = {isa = PBXBuildFile; fileRef = 149F1B3D233B1E3A007CF912 /* Concentration.swift */; };
/* End PBXBuildFile section */

/* Begin PBXFileReference section */
		149F1B24233B184F007CF912 /* CS193P_HomeWork.app */ = {isa = PBXFileReference; explicitFileType = wrapper.application; includeInIndex = 0; path = CS193P_HomeWork.app; sourceTree = BUILT_PRODUCTS_DIR; };
		149F1B27233B184F007CF912 /* AppDelegate.swift */ = {isa = PBXFileReference; lastKnownFileType = sourcecode.swift; path = AppDelegate.swift; sourceTree = "<group>"; };
		149F1B29233B184F007CF912 /* SceneDelegate.swift */ = {isa = PBXFileReference; lastKnownFileType = sourcecode.swift; path = SceneDelegate.swift; sourceTree = "<group>"; };
		149F1B2B233B184F007CF912 /* ViewController.swift */ = {isa = PBXFileReference; lastKnownFileType = sourcecode.swift; path = ViewController.swift; sourceTree = "<group>"; };
		149F1B2E233B184F007CF912 /* Base */ = {isa = PBXFileReference; lastKnownFileType = file.storyboard; name = Base; path = Base.lproj/Main.storyboard; sourceTree = "<group>"; };
		149F1B30233B1852007CF912 /* Assets.xcassets */ = {isa = PBXFileReference; lastKnownFileType = folder.assetcatalog; path = Assets.xcassets; sourceTree = "<group>"; };
		149F1B33233B1852007CF912 /* Base */ = {isa = PBXFileReference; lastKnownFileType = file.storyboard; name = Base; path = Base.lproj/LaunchScreen.storyboard; sourceTree = "<group>"; };
		149F1B35233B1852007CF912 /* Info.plist */ = {isa = PBXFileReference; lastKnownFileType = text.plist.xml; path = Info.plist; sourceTree = "<group>"; };
		149F1B3B233B1A7A007CF912 /* Card.swift */ = {isa = PBXFileReference; lastKnownFileType = sourcecode.swift; path = Card.swift; sourceTree = "<group>"; };
		149F1B3D233B1E3A007CF912 /* Concentration.swift */ = {isa = PBXFileReference; lastKnownFileType = sourcecode.swift; path = Concentration.swift; sourceTree = "<group>"; };
/* End PBXFileReference section */

/* Begin PBXFrameworksBuildPhase section */
		149F1B21233B184F007CF912 /* Frameworks */ = {
			isa = PBXFrameworksBuildPhase;
			buildActionMask = 2147483647;
			files = (
			);
			runOnlyForDeploymentPostprocessing = 0;
		};
/* End PBXFrameworksBuildPhase section */

/* Begin PBXGroup section */
		149F1B1B233B184F007CF912 = {
			isa = PBXGroup;
			children = (
				149F1B26233B184F007CF912 /* CS193P_HomeWork */,
				149F1B25233B184F007CF912 /* Products */,
			);
			sourceTree = "<group>";
		};
		149F1B25233B184F007CF912 /* Products */ = {
			isa = PBXGroup;
			children = (
				149F1B24233B184F007CF912 /* CS193P_HomeWork.app */,
			);
			name = Products;
			sourceTree = "<group>";
		};
		149F1B26233B184F007CF912 /* CS193P_HomeWork */ = {
			isa = PBXGroup;
			children = (
				149F1B27233B184F007CF912 /* AppDelegate.swift */,
				149F1B29233B184F007CF912 /* SceneDelegate.swift */,
				149F1B2B233B184F007CF912 /* ViewController.swift */,
				149F1B2D233B184F007CF912 /* Main.storyboard */,
				149F1B3B233B1A7A007CF912 /* Card.swift */,
				149F1B3D233B1E3A007CF912 /* Concentration.swift */,
				149F1B30233B1852007CF912 /* Assets.xcassets */,
				149F1B32233B1852007CF912 /* LaunchScreen.storyboard */,
				149F1B35233B1852007CF912 /* Info.plist */,
			);
			path = CS193P_HomeWork;
			sourceTree = "<group>";
		};
/* End PBXGroup section */

/* Begin PBXNativeTarget section */
		149F1B23233B184F007CF912 /* CS193P_HomeWork */ = {
			isa = PBXNativeTarget;
			buildConfigurationList = 149F1B38233B1852007CF912 /* Build configuration list for PBXNativeTarget "CS193P_HomeWork" */;
			buildPhases = (
				149F1B20233B184F007CF912 /* Sources */,
				149F1B21233B184F007CF912 /* Frameworks */,
				149F1B22233B184F007CF912 /* Resources */,
			);
			buildRules = (
			);
			dependencies = (
			);
			name = CS193P_HomeWork;
			productName = CS193P_HomeWork;
			productReference = 149F1B24233B184F007CF912 /* CS193P_HomeWork.app */;
			productType = "com.apple.product-type.application";
		};
/* End PBXNativeTarget section */

/* Begin PBXProject section */
		149F1B1C233B184F007CF912 /* Project object */ = {
			isa = PBXProject;
			attributes = {
				LastSwiftUpdateCheck = 1100;
				LastUpgradeCheck = 1100;
				ORGANIZATIONNAME = X;
				TargetAttributes = {
					149F1B23233B184F007CF912 = {
						CreatedOnToolsVersion = 11.0;
					};
				};
			};
			buildConfigurationList = 149F1B1F233B184F007CF912 /* Build configuration list for PBXProject "CS193P_HomeWork" */;
			compatibilityVersion = "Xcode 9.3";
			developmentRegion = en;
			hasScannedForEncodings = 0;
			knownRegions = (
				en,
				Base,
			);
			mainGroup = 149F1B1B233B184F007CF912;
			productRefGroup = 149F1B25233B184F007CF912 /* Products */;
			projectDirPath = "";
			projectRoot = "";
			targets = (
				149F1B23233B184F007CF912 /* CS193P_HomeWork */,
			);
		};
/* End PBXProject section */

/* Begin PBXResourcesBuildPhase section */
		149F1B22233B184F007CF912 /* Resources */ = {
			isa = PBXResourcesBuildPhase;
			buildActionMask = 2147483647;
			files = (
				149F1B34233B1852007CF912 /* LaunchScreen.storyboard in Resources */,
				149F1B31233B1852007CF912 /* Assets.xcassets in Resources */,
				149F1B2F233B184F007CF912 /* Main.storyboard in Resources */,
			);
			runOnlyForDeploymentPostprocessing = 0;
		};
/* End PBXResourcesBuildPhase section */

/* Begin PBXSourcesBuildPhase section */
		149F1B20233B184F007CF912 /* Sources */ = {
			isa = PBXSourcesBuildPhase;
			buildActionMask = 2147483647;
			files = (
				149F1B2C233B184F007CF912 /* ViewController.swift in Sources */,
				149F1B3E233B1E3A007CF912 /* Concentration.swift in Sources */,
				149F1B28233B184F007CF912 /* AppDelegate.swift in Sources */,
				149F1B2A233B184F007CF912 /* SceneDelegate.swift in Sources */,
				149F1B3C233B1A7A007CF912 /* Card.swift in Sources */,
			);
			runOnlyForDeploymentPostprocessing = 0;
		};
/* End PBXSourcesBuildPhase section */

/* Begin PBXVariantGroup section */
		149F1B2D233B184F007CF912 /* Main.storyboard */ = {
			isa = PBXVariantGroup;
			children = (
				149F1B2E233B184F007CF912 /* Base */,
			);
			name = Main.storyboard;
			sourceTree = "<group>";
		};
		149F1B32233B1852007CF912 /* LaunchScreen.storyboard */ = {
			isa = PBXVariantGroup;
			children = (
				149F1B33233B1852007CF912 /* Base */,
			);
			name = LaunchScreen.storyboard;
			sourceTree = "<group>";
		};
/* End PBXVariantGroup section */

/* Begin XCBuildConfiguration section */
		149F1B36233B1852007CF912 /* Debug */ = {
			isa = XCBuildConfiguration;
			buildSettings = {
				ALWAYS_SEARCH_USER_PATHS = NO;
				CLANG_ANALYZER_NONNULL = YES;
				CLANG_ANALYZER_NUMBER_OBJECT_CONVERSION = YES_AGGRESSIVE;
				CLANG_CXX_LANGUAGE_STANDARD = "gnu++14";
				CLANG_CXX_LIBRARY = "libc++";
				CLANG_ENABLE_MODULES = YES;
				CLANG_ENABLE_OBJC_ARC = YES;
				CLANG_ENABLE_OBJC_WEAK = YES;
				CLANG_WARN_BLOCK_CAPTURE_AUTORELEASING = YES;
				CLANG_WARN_BOOL_CONVERSION = YES;
				CLANG_WARN_COMMA = YES;
				CLANG_WARN_CONSTANT_CONVERSION = YES;
				CLANG_WARN_DEPRECATED_OBJC_IMPLEMENTATIONS = YES;
				CLANG_WARN_DIRECT_OBJC_ISA_USAGE = YES_ERROR;
				CLANG_WARN_DOCUMENTATION_COMMENTS = YES;
				CLANG_WARN_EMPTY_BODY = YES;
				CLANG_WARN_ENUM_CONVERSION = YES;
				CLANG_WARN_INFINITE_RECURSION = YES;
				CLANG_WARN_INT_CONVERSION = YES;
				CLANG_WARN_NON_LITERAL_NULL_CONVERSION = YES;
				CLANG_WARN_OBJC_IMPLICIT_RETAIN_SELF = YES;
				CLANG_WARN_OBJC_LITERAL_CONVERSION = YES;
				CLANG_WARN_OBJC_ROOT_CLASS = YES_ERROR;
				CLANG_WARN_RANGE_LOOP_ANALYSIS = YES;
				CLANG_WARN_STRICT_PROTOTYPES = YES;
				CLANG_WARN_SUSPICIOUS_MOVE = YES;
				CLANG_WARN_UNGUARDED_AVAILABILITY = YES_AGGRESSIVE;
				CLANG_WARN_UNREACHABLE_CODE = YES;
				CLANG_WARN__DUPLICATE_METHOD_MATCH = YES;
				COPY_PHASE_STRIP = NO;
				DEBUG_INFORMATION_FORMAT = dwarf;
				ENABLE_STRICT_OBJC_MSGSEND = YES;
				ENABLE_TESTABILITY = YES;
				GCC_C_LANGUAGE_STANDARD = gnu11;
				GCC_DYNAMIC_NO_PIC = NO;
				GCC_NO_COMMON_BLOCKS = YES;
				GCC_OPTIMIZATION_LEVEL = 0;
				GCC_PREPROCESSOR_DEFINITIONS = (
					"DEBUG=1",
					"$(inherited)",
				);
				GCC_WARN_64_TO_32_BIT_CONVERSION = YES;
				GCC_WARN_ABOUT_RETURN_TYPE = YES_ERROR;
				GCC_WARN_UNDECLARED_SELECTOR = YES;
				GCC_WARN_UNINITIALIZED_AUTOS = YES_AGGRESSIVE;
				GCC_WARN_UNUSED_FUNCTION = YES;
				GCC_WARN_UNUSED_VARIABLE = YES;
				IPHONEOS_DEPLOYMENT_TARGET = 13.0;
				MTL_ENABLE_DEBUG_INFO = INCLUDE_SOURCE;
				MTL_FAST_MATH = YES;
				ONLY_ACTIVE_ARCH = YES;
				SDKROOT = iphoneos;
				SWIFT_ACTIVE_COMPILATION_CONDITIONS = DEBUG;
				SWIFT_OPTIMIZATION_LEVEL = "-Onone";
			};
			name = Debug;
		};
		149F1B37233B1852007CF912 /* Release */ = {
			isa = XCBuildConfiguration;
			buildSettings = {
				ALWAYS_SEARCH_USER_PATHS = NO;
				CLANG_ANALYZER_NONNULL = YES;
				CLANG_ANALYZER_NUMBER_OBJECT_CONVERSION = YES_AGGRESSIVE;
				CLANG_CXX_LANGUAGE_STANDARD = "gnu++14";
				CLANG_CXX_LIBRARY = "libc++";
				CLANG_ENABLE_MODULES = YES;
				CLANG_ENABLE_OBJC_ARC = YES;
				CLANG_ENABLE_OBJC_WEAK = YES;
				CLANG_WARN_BLOCK_CAPTURE_AUTORELEASING = YES;
				CLANG_WARN_BOOL_CONVERSION = YES;
				CLANG_WARN_COMMA = YES;
				CLANG_WARN_CONSTANT_CONVERSION = YES;
				CLANG_WARN_DEPRECATED_OBJC_IMPLEMENTATIONS = YES;
				CLANG_WARN_DIRECT_OBJC_ISA_USAGE = YES_ERROR;
				CLANG_WARN_DOCUMENTATION_COMMENTS = YES;
				CLANG_WARN_EMPTY_BODY = YES;
				CLANG_WARN_ENUM_CONVERSION = YES;
				CLANG_WARN_INFINITE_RECURSION = YES;
				CLANG_WARN_INT_CONVERSION = YES;
				CLANG_WARN_NON_LITERAL_NULL_CONVERSION = YES;
				CLANG_WARN_OBJC_IMPLICIT_RETAIN_SELF = YES;
				CLANG_WARN_OBJC_LITERAL_CONVERSION = YES;
				CLANG_WARN_OBJC_ROOT_CLASS = YES_ERROR;
				CLANG_WARN_RANGE_LOOP_ANALYSIS = YES;
				CLANG_WARN_STRICT_PROTOTYPES = YES;
				CLANG_WARN_SUSPICIOUS_MOVE = YES;
				CLANG_WARN_UNGUARDED_AVAILABILITY = YES_AGGRESSIVE;
				CLANG_WARN_UNREACHABLE_CODE = YES;
				CLANG_WARN__DUPLICATE_METHOD_MATCH = YES;
				COPY_PHASE_STRIP = NO;
				DEBUG_INFORMATION_FORMAT = "dwarf-with-dsym";
				ENABLE_NS_ASSERTIONS = NO;
				ENABLE_STRICT_OBJC_MSGSEND = YES;
				GCC_C_LANGUAGE_STANDARD = gnu11;
				GCC_NO_COMMON_BLOCKS = YES;
				GCC_WARN_64_TO_32_BIT_CONVERSION = YES;
				GCC_WARN_ABOUT_RETURN_TYPE = YES_ERROR;
				GCC_WARN_UNDECLARED_SELECTOR = YES;
				GCC_WARN_UNINITIALIZED_AUTOS = YES_AGGRESSIVE;
				GCC_WARN_UNUSED_FUNCTION = YES;
				GCC_WARN_UNUSED_VARIABLE = YES;
				IPHONEOS_DEPLOYMENT_TARGET = 13.0;
				MTL_ENABLE_DEBUG_INFO = NO;
				MTL_FAST_MATH = YES;
				SDKROOT = iphoneos;
				SWIFT_COMPILATION_MODE = wholemodule;
				SWIFT_OPTIMIZATION_LEVEL = "-O";
				VALIDATE_PRODUCT = YES;
			};
			name = Release;
		};
		149F1B39233B1852007CF912 /* Debug */ = {
			isa = XCBuildConfiguration;
			buildSettings = {
				ASSETCATALOG_COMPILER_APPICON_NAME = AppIcon;
				CODE_SIGN_STYLE = Automatic;
				DEVELOPMENT_TEAM = 28XXG6S5AU;
				INFOPLIST_FILE = CS193P_HomeWork/Info.plist;
				LD_RUNPATH_SEARCH_PATHS = (
					"$(inherited)",
					"@executable_path/Frameworks",
				);
				PRODUCT_BUNDLE_IDENTIFIER = "org.xrobotics.CS193P-HomeWork";
				PRODUCT_NAME = "$(TARGET_NAME)";
				SWIFT_VERSION = 5.0;
				TARGETED_DEVICE_FAMILY = "1,2";
			};
			name = Debug;
		};
		149F1B3A233B1852007CF912 /* Release */ = {
			isa = XCBuildConfiguration;
			buildSettings = {
				ASSETCATALOG_COMPILER_APPICON_NAME = AppIcon;
				CODE_SIGN_STYLE = Automatic;
				DEVELOPMENT_TEAM = 28XXG6S5AU;
				INFOPLIST_FILE = CS193P_HomeWork/Info.plist;
				LD_RUNPATH_SEARCH_PATHS = (
					"$(inherited)",
					"@executable_path/Frameworks",
				);
				PRODUCT_BUNDLE_IDENTIFIER = "org.xrobotics.CS193P-HomeWork";
				PRODUCT_NAME = "$(TARGET_NAME)";
				SWIFT_VERSION = 5.0;
				TARGETED_DEVICE_FAMILY = "1,2";
			};
			name = Release;
		};
/* End XCBuildConfiguration section */

/* Begin XCConfigurationList section */
		149F1B1F233B184F007CF912 /* Build configuration list for PBXProject "CS193P_HomeWork" */ = {
			isa = XCConfigurationList;
			buildConfigurations = (
				149F1B36233B1852007CF912 /* Debug */,
				149F1B37233B1852007CF912 /* Release */,
			);
			defaultConfigurationIsVisible = 0;
			defaultConfigurationName = Release;
		};
		149F1B38233B1852007CF912 /* Build configuration list for PBXNativeTarget "CS193P_HomeWork" */ = {
			isa = XCConfigurationList;
			buildConfigurations = (
				149F1B39233B1852007CF912 /* Debug */,
				149F1B3A233B1852007CF912 /* Release */,
			);
			defaultConfigurationIsVisible = 0;
			defaultConfigurationName = Release;
		};
/* End XCConfigurationList section */
	};
	rootObject = 149F1B1C233B184F007CF912 /* Project object */;
}
